<?xml version="1.0" encoding="UTF-8"?>
<Scheme
   version = "1.3">
   <BuildAction>
      <BuildActionEntries>
         <BuildActionEntry
            buildForRunning = "YES">
            <BuildableReference
               BuildableIdentifier = "primary"
               BlueprintIdentifier = "AB9DB6C92489836B00F6F77A"
               BuildableName = "TDDMultipleExpectations"
               BlueprintName = "TDDMultipleExpectations"
               ReferencedContainer = "container:TDDMultipleExpectations.xcodeproj">
            </BuildableReference>
         </BuildActionEntry>
      </BuildActionEntries>
   </BuildAction>
   <LaunchAction
      useCustomWorkingDirectory = "NO"
      buildConfiguration = "Debug"
      allowLocationSimulation = "YES">
      <BuildableProductRunnable>
         <BuildableReference
            BuildableIdentifier = "primary"
            BlueprintIdentifier = "AB9DB6C92489836B00F6F77A"
            BuildableName = "TDDMultipleExpectations"
            BlueprintName = "TDDMultipleExpectations"
            ReferencedContainer = "container:TDDMultipleExpectations.xcodeproj">
         </BuildableReference>
      </BuildableProductRunnable>
   </LaunchAction>
</Scheme>
